
Microsoft Visual Studio Solution File, Format Version 12.00
# Visual Studio Version 17
VisualStudioVersion = 17.3.32929.385
MinimumVisualStudioVersion = 10.0.40219.1
Project("{FAE04EC0-301F-11D3-BF4B-00C04F79EFBC}") = "ExoGitCalcu", "ExoGitCalcu\ExoGitCalcu.csproj", "{B74F5BAA-B971-4B3D-BD97-21E5DD16B93E}"
EndProject
Global
	GlobalSection(SolutionConfigurationPlatforms) = preSolution
		Debug|Any CPU = Debug|Any CPU
		Release|Any CPU = Release|Any CPU
	EndGlobalSection
	GlobalSection(ProjectConfigurationPlatforms) = postSolution
		{B74F5BAA-B971-4B3D-BD97-21E5DD16B93E}.Debug|Any CPU.ActiveCfg = Debug|Any CPU
		{B74F5BAA-B971-4B3D-BD97-21E5DD16B93E}.Debug|Any CPU.Build.0 = Debug|Any CPU
		{B74F5BAA-B971-4B3D-BD97-21E5DD16B93E}.Release|Any CPU.ActiveCfg = Release|Any CPU
		{B74F5BAA-B971-4B3D-BD97-21E5DD16B93E}.Release|Any CPU.Build.0 = Release|Any CPU
	EndGlobalSection
	GlobalSection(SolutionProperties) = preSolution
		HideSolutionNode = FALSE
	EndGlobalSection
	GlobalSection(ExtensibilityGlobals) = postSolution
		SolutionGuid = {ACA0B021-5CCC-4AD2-9EF4-144797C3CF39}
	EndGlobalSection
EndGlobal
